
Microsoft Visual Studio Solution File, Format Version 12.00
# Visual Studio Version 16
VisualStudioVersion = 16.0.808.6
MinimumVisualStudioVersion = 10.0.40219.1
Project("{FAE04EC0-301F-11D3-BF4B-00C04F79EFBC}") = "Number_Guesser", "Number_Guesser\Number_Guesser.csproj", "{DF797016-D668-422A-A914-29F3C27C20EF}"
EndProject
Global
	GlobalSection(SolutionConfigurationPlatforms) = preSolution
		Debug|Any CPU = Debug|Any CPU
		Release|Any CPU = Release|Any CPU
	EndGlobalSection
	GlobalSection(ProjectConfigurationPlatforms) = postSolution
		{DF797016-D668-422A-A914-29F3C27C20EF}.Debug|Any CPU.ActiveCfg = Debug|Any CPU
		{DF797016-D668-422A-A914-29F3C27C20EF}.Debug|Any CPU.Build.0 = Debug|Any CPU
		{DF797016-D668-422A-A914-29F3C27C20EF}.Release|Any CPU.ActiveCfg = Release|Any CPU
		{DF797016-D668-422A-A914-29F3C27C20EF}.Release|Any CPU.Build.0 = Release|Any CPU
	EndGlobalSection
	GlobalSection(SolutionProperties) = preSolution
		HideSolutionNode = FALSE
	EndGlobalSection
	GlobalSection(ExtensibilityGlobals) = postSolution
		SolutionGuid = {B7B13C2A-4E25-45D6-8343-8A0936E8622A}
	EndGlobalSection
EndGlobal
